// !$*UTF8*$!
{
	archiveVersion = 1;
	classes = {
	};
	objectVersion = 46;
	objects = {

/* Begin PBXBuildFile section */
		B50205D11CCBF7710029CAE0 /* CameraViewController.swift in Sources */ = {isa = PBXBuildFile; fileRef = B50205CF1CCBF7710029CAE0 /* CameraViewController.swift */; };
		B50205D21CCBF7710029CAE0 /* CameraViewController.xib in Resources */ = {isa = PBXBuildFile; fileRef = B50205D01CCBF7710029CAE0 /* CameraViewController.xib */; };
		B50205D41CCBF7960029CAE0 /* CameraView.swift in Sources */ = {isa = PBXBuildFile; fileRef = B50205D31CCBF7960029CAE0 /* CameraView.swift */; };
		B549E8D31CCBBE5E002344F9 /* Bolts.framework in Frameworks */ = {isa = PBXBuildFile; fileRef = B549E8D11CCBBE5E002344F9 /* Bolts.framework */; };
		B549E8D41CCBBE5E002344F9 /* Parse.framework in Frameworks */ = {isa = PBXBuildFile; fileRef = B549E8D21CCBBE5E002344F9 /* Parse.framework */; };
		B549E8D71CCBC1E3002344F9 /* SystemConfiguration.framework in Frameworks */ = {isa = PBXBuildFile; fileRef = B549E8D61CCBC1E3002344F9 /* SystemConfiguration.framework */; };
		B5894D241CCC1305007D5433 /* ItemViewController.swift in Sources */ = {isa = PBXBuildFile; fileRef = B5894D231CCC1305007D5433 /* ItemViewController.swift */; };
		B5894D261CCC3F3A007D5433 /* ItemEditViewController.swift in Sources */ = {isa = PBXBuildFile; fileRef = B5894D251CCC3F3A007D5433 /* ItemEditViewController.swift */; };
		B5AE8C0E1CCB3EA60035B161 /* AppDelegate.swift in Sources */ = {isa = PBXBuildFile; fileRef = B5AE8C0D1CCB3EA60035B161 /* AppDelegate.swift */; };
		B5AE8C101CCB3EA60035B161 /* MainViewController.swift in Sources */ = {isa = PBXBuildFile; fileRef = B5AE8C0F1CCB3EA60035B161 /* MainViewController.swift */; };
		B5AE8C131CCB3EA60035B161 /* Main.storyboard in Resources */ = {isa = PBXBuildFile; fileRef = B5AE8C111CCB3EA60035B161 /* Main.storyboard */; };
		B5AE8C151CCB3EA60035B161 /* Assets.xcassets in Resources */ = {isa = PBXBuildFile; fileRef = B5AE8C141CCB3EA60035B161 /* Assets.xcassets */; };
		B5AE8C181CCB3EA60035B161 /* LaunchScreen.storyboard in Resources */ = {isa = PBXBuildFile; fileRef = B5AE8C161CCB3EA60035B161 /* LaunchScreen.storyboard */; };
		B5B071A11CCBBB8600609F4E /* CoreLocation.framework in Frameworks */ = {isa = PBXBuildFile; fileRef = B5B071A01CCBBB8600609F4E /* CoreLocation.framework */; };
		B5B071A31CCBBB8C00609F4E /* AudioToolbox.framework in Frameworks */ = {isa = PBXBuildFile; fileRef = B5B071A21CCBBB8C00609F4E /* AudioToolbox.framework */; };
		B5B071A51CCBBB9200609F4E /* CFNetwork.framework in Frameworks */ = {isa = PBXBuildFile; fileRef = B5B071A41CCBBB9200609F4E /* CFNetwork.framework */; };
		B5B071A71CCBBB9900609F4E /* CoreGraphics.framework in Frameworks */ = {isa = PBXBuildFile; fileRef = B5B071A61CCBBB9900609F4E /* CoreGraphics.framework */; };
		B5B071A91CCBBBA000609F4E /* QuartzCore.framework in Frameworks */ = {isa = PBXBuildFile; fileRef = B5B071A81CCBBBA000609F4E /* QuartzCore.framework */; };
		B5B071AB1CCBBBA900609F4E /* Security.framework in Frameworks */ = {isa = PBXBuildFile; fileRef = B5B071AA1CCBBBA900609F4E /* Security.framework */; };
		B5B071AD1CCBBBAF00609F4E /* StoreKit.framework in Frameworks */ = {isa = PBXBuildFile; fileRef = B5B071AC1CCBBBAF00609F4E /* StoreKit.framework */; };
		B5B071AF1CCBBBB600609F4E /* libz.tbd in Frameworks */ = {isa = PBXBuildFile; fileRef = B5B071AE1CCBBBB600609F4E /* libz.tbd */; };
		B5B071B11CCBBBBE00609F4E /* libsqlite3.tbd in Frameworks */ = {isa = PBXBuildFile; fileRef = B5B071B01CCBBBBE00609F4E /* libsqlite3.tbd */; };
/* End PBXBuildFile section */

/* Begin PBXFileReference section */
		B50205CF1CCBF7710029CAE0 /* CameraViewController.swift */ = {isa = PBXFileReference; fileEncoding = 4; lastKnownFileType = sourcecode.swift; path = CameraViewController.swift; sourceTree = "<group>"; };
		B50205D01CCBF7710029CAE0 /* CameraViewController.xib */ = {isa = PBXFileReference; fileEncoding = 4; lastKnownFileType = file.xib; path = CameraViewController.xib; sourceTree = "<group>"; };
		B50205D31CCBF7960029CAE0 /* CameraView.swift */ = {isa = PBXFileReference; fileEncoding = 4; lastKnownFileType = sourcecode.swift; path = CameraView.swift; sourceTree = "<group>"; };
		B549E8D11CCBBE5E002344F9 /* Bolts.framework */ = {isa = PBXFileReference; lastKnownFileType = wrapper.framework; path = Bolts.framework; sourceTree = "<group>"; };
		B549E8D21CCBBE5E002344F9 /* Parse.framework */ = {isa = PBXFileReference; lastKnownFileType = wrapper.framework; path = Parse.framework; sourceTree = "<group>"; };
		B549E8D61CCBC1E3002344F9 /* SystemConfiguration.framework */ = {isa = PBXFileReference; lastKnownFileType = wrapper.framework; name = SystemConfiguration.framework; path = System/Library/Frameworks/SystemConfiguration.framework; sourceTree = SDKROOT; };
		B5894D231CCC1305007D5433 /* ItemViewController.swift */ = {isa = PBXFileReference; fileEncoding = 4; lastKnownFileType = sourcecode.swift; path = ItemViewController.swift; sourceTree = "<group>"; };
		B5894D251CCC3F3A007D5433 /* ItemEditViewController.swift */ = {isa = PBXFileReference; fileEncoding = 4; lastKnownFileType = sourcecode.swift; path = ItemEditViewController.swift; sourceTree = "<group>"; };
		B5AE8C0A1CCB3EA60035B161 /* Fishbids.app */ = {isa = PBXFileReference; explicitFileType = wrapper.application; includeInIndex = 0; path = Fishbids.app; sourceTree = BUILT_PRODUCTS_DIR; };
		B5AE8C0D1CCB3EA60035B161 /* AppDelegate.swift */ = {isa = PBXFileReference; lastKnownFileType = sourcecode.swift; path = AppDelegate.swift; sourceTree = "<group>"; };
		B5AE8C0F1CCB3EA60035B161 /* MainViewController.swift */ = {isa = PBXFileReference; lastKnownFileType = sourcecode.swift; path = MainViewController.swift; sourceTree = "<group>"; };
		B5AE8C121CCB3EA60035B161 /* Base */ = {isa = PBXFileReference; lastKnownFileType = file.storyboard; name = Base; path = Base.lproj/Main.storyboard; sourceTree = "<group>"; };
		B5AE8C141CCB3EA60035B161 /* Assets.xcassets */ = {isa = PBXFileReference; lastKnownFileType = folder.assetcatalog; path = Assets.xcassets; sourceTree = "<group>"; };
		B5AE8C171CCB3EA60035B161 /* Base */ = {isa = PBXFileReference; lastKnownFileType = file.storyboard; name = Base; path = Base.lproj/LaunchScreen.storyboard; sourceTree = "<group>"; };
		B5AE8C191CCB3EA60035B161 /* Info.plist */ = {isa = PBXFileReference; lastKnownFileType = text.plist.xml; path = Info.plist; sourceTree = "<group>"; };
		B5B071A01CCBBB8600609F4E /* CoreLocation.framework */ = {isa = PBXFileReference; lastKnownFileType = wrapper.framework; name = CoreLocation.framework; path = System/Library/Frameworks/CoreLocation.framework; sourceTree = SDKROOT; };
		B5B071A21CCBBB8C00609F4E /* AudioToolbox.framework */ = {isa = PBXFileReference; lastKnownFileType = wrapper.framework; name = AudioToolbox.framework; path = System/Library/Frameworks/AudioToolbox.framework; sourceTree = SDKROOT; };
		B5B071A41CCBBB9200609F4E /* CFNetwork.framework */ = {isa = PBXFileReference; lastKnownFileType = wrapper.framework; name = CFNetwork.framework; path = System/Library/Frameworks/CFNetwork.framework; sourceTree = SDKROOT; };
		B5B071A61CCBBB9900609F4E /* CoreGraphics.framework */ = {isa = PBXFileReference; lastKnownFileType = wrapper.framework; name = CoreGraphics.framework; path = System/Library/Frameworks/CoreGraphics.framework; sourceTree = SDKROOT; };
		B5B071A81CCBBBA000609F4E /* QuartzCore.framework */ = {isa = PBXFileReference; lastKnownFileType = wrapper.framework; name = QuartzCore.framework; path = System/Library/Frameworks/QuartzCore.framework; sourceTree = SDKROOT; };
		B5B071AA1CCBBBA900609F4E /* Security.framework */ = {isa = PBXFileReference; lastKnownFileType = wrapper.framework; name = Security.framework; path = System/Library/Frameworks/Security.framework; sourceTree = SDKROOT; };
		B5B071AC1CCBBBAF00609F4E /* StoreKit.framework */ = {isa = PBXFileReference; lastKnownFileType = wrapper.framework; name = StoreKit.framework; path = System/Library/Frameworks/StoreKit.framework; sourceTree = SDKROOT; };
		B5B071AE1CCBBBB600609F4E /* libz.tbd */ = {isa = PBXFileReference; lastKnownFileType = "sourcecode.text-based-dylib-definition"; name = libz.tbd; path = usr/lib/libz.tbd; sourceTree = SDKROOT; };
		B5B071B01CCBBBBE00609F4E /* libsqlite3.tbd */ = {isa = PBXFileReference; lastKnownFileType = "sourcecode.text-based-dylib-definition"; name = libsqlite3.tbd; path = usr/lib/libsqlite3.tbd; sourceTree = SDKROOT; };
/* End PBXFileReference section */

/* Begin PBXFrameworksBuildPhase section */
		B5AE8C071CCB3EA60035B161 /* Frameworks */ = {
			isa = PBXFrameworksBuildPhase;
			buildActionMask = 2147483647;
			files = (
				B549E8D71CCBC1E3002344F9 /* SystemConfiguration.framework in Frameworks */,
				B5B071B11CCBBBBE00609F4E /* libsqlite3.tbd in Frameworks */,
				B5B071AF1CCBBBB600609F4E /* libz.tbd in Frameworks */,
				B5B071AD1CCBBBAF00609F4E /* StoreKit.framework in Frameworks */,
				B5B071AB1CCBBBA900609F4E /* Security.framework in Frameworks */,
				B5B071A91CCBBBA000609F4E /* QuartzCore.framework in Frameworks */,
				B549E8D31CCBBE5E002344F9 /* Bolts.framework in Frameworks */,
				B549E8D41CCBBE5E002344F9 /* Parse.framework in Frameworks */,
				B5B071A71CCBBB9900609F4E /* CoreGraphics.framework in Frameworks */,
				B5B071A51CCBBB9200609F4E /* CFNetwork.framework in Frameworks */,
				B5B071A31CCBBB8C00609F4E /* AudioToolbox.framework in Frameworks */,
				B5B071A11CCBBB8600609F4E /* CoreLocation.framework in Frameworks */,
			);
			runOnlyForDeploymentPostprocessing = 0;
		};
/* End PBXFrameworksBuildPhase section */

/* Begin PBXGroup section */
		B549E8D51CCBBE67002344F9 /* libs */ = {
			isa = PBXGroup;
			children = (
				B549E8D61CCBC1E3002344F9 /* SystemConfiguration.framework */,
				B549E8D11CCBBE5E002344F9 /* Bolts.framework */,
				B549E8D21CCBBE5E002344F9 /* Parse.framework */,
				B5B071B01CCBBBBE00609F4E /* libsqlite3.tbd */,
				B5B071AE1CCBBBB600609F4E /* libz.tbd */,
				B5B071AC1CCBBBAF00609F4E /* StoreKit.framework */,
				B5B071AA1CCBBBA900609F4E /* Security.framework */,
				B5B071A81CCBBBA000609F4E /* QuartzCore.framework */,
				B5B071A61CCBBB9900609F4E /* CoreGraphics.framework */,
				B5B071A41CCBBB9200609F4E /* CFNetwork.framework */,
				B5B071A21CCBBB8C00609F4E /* AudioToolbox.framework */,
				B5B071A01CCBBB8600609F4E /* CoreLocation.framework */,
			);
			name = libs;
			sourceTree = "<group>";
		};
		B5AE8C011CCB3EA60035B161 = {
			isa = PBXGroup;
			children = (
				B549E8D51CCBBE67002344F9 /* libs */,
				B5AE8C0C1CCB3EA60035B161 /* Fishbids */,
				B5AE8C0B1CCB3EA60035B161 /* Products */,
			);
			sourceTree = "<group>";
		};
		B5AE8C0B1CCB3EA60035B161 /* Products */ = {
			isa = PBXGroup;
			children = (
				B5AE8C0A1CCB3EA60035B161 /* Fishbids.app */,
			);
			name = Products;
			sourceTree = "<group>";
		};
		B5AE8C0C1CCB3EA60035B161 /* Fishbids */ = {
			isa = PBXGroup;
			children = (
				B5AE8C0D1CCB3EA60035B161 /* AppDelegate.swift */,
				B5AE8C0F1CCB3EA60035B161 /* MainViewController.swift */,
				B5AE8C111CCB3EA60035B161 /* Main.storyboard */,
				B5894D231CCC1305007D5433 /* ItemViewController.swift */,
				B5894D251CCC3F3A007D5433 /* ItemEditViewController.swift */,
				B50205CF1CCBF7710029CAE0 /* CameraViewController.swift */,
				B50205D01CCBF7710029CAE0 /* CameraViewController.xib */,
				B50205D31CCBF7960029CAE0 /* CameraView.swift */,
				B5AE8C141CCB3EA60035B161 /* Assets.xcassets */,
				B5AE8C161CCB3EA60035B161 /* LaunchScreen.storyboard */,
				B5AE8C191CCB3EA60035B161 /* Info.plist */,
			);
			path = Fishbids;
			sourceTree = "<group>";
		};
/* End PBXGroup section */

/* Begin PBXNativeTarget section */
		B5AE8C091CCB3EA60035B161 /* Fishbids */ = {
			isa = PBXNativeTarget;
			buildConfigurationList = B5AE8C321CCB3EA70035B161 /* Build configuration list for PBXNativeTarget "Fishbids" */;
			buildPhases = (
				B5AE8C061CCB3EA60035B161 /* Sources */,
				B5AE8C071CCB3EA60035B161 /* Frameworks */,
				B5AE8C081CCB3EA60035B161 /* Resources */,
			);
			buildRules = (
			);
			dependencies = (
			);
			name = Fishbids;
			productName = Fishbids;
			productReference = B5AE8C0A1CCB3EA60035B161 /* Fishbids.app */;
			productType = "com.apple.product-type.application";
		};
/* End PBXNativeTarget section */

/* Begin PBXProject section */
		B5AE8C021CCB3EA60035B161 /* Project object */ = {
			isa = PBXProject;
			attributes = {
				LastSwiftUpdateCheck = 0730;
				LastUpgradeCheck = 0730;
				ORGANIZATIONNAME = fishbids;
				TargetAttributes = {
					B5AE8C091CCB3EA60035B161 = {
						CreatedOnToolsVersion = 7.3;
						DevelopmentTeam = 37J588435Y;
						LastSwiftMigration = 0800;
					};
				};
			};
			buildConfigurationList = B5AE8C051CCB3EA60035B161 /* Build configuration list for PBXProject "Fishbids" */;
			compatibilityVersion = "Xcode 3.2";
			developmentRegion = English;
			hasScannedForEncodings = 0;
			knownRegions = (
				en,
				Base,
			);
			mainGroup = B5AE8C011CCB3EA60035B161;
			productRefGroup = B5AE8C0B1CCB3EA60035B161 /* Products */;
			projectDirPath = "";
			projectRoot = "";
			targets = (
				B5AE8C091CCB3EA60035B161 /* Fishbids */,
			);
		};
/* End PBXProject section */

/* Begin PBXResourcesBuildPhase section */
		B5AE8C081CCB3EA60035B161 /* Resources */ = {
			isa = PBXResourcesBuildPhase;
			buildActionMask = 2147483647;
			files = (
				B5AE8C181CCB3EA60035B161 /* LaunchScreen.storyboard in Resources */,
				B50205D21CCBF7710029CAE0 /* CameraViewController.xib in Resources */,
				B5AE8C151CCB3EA60035B161 /* Assets.xcassets in Resources */,
				B5AE8C131CCB3EA60035B161 /* Main.storyboard in Resources */,
			);
			runOnlyForDeploymentPostprocessing = 0;
		};
/* End PBXResourcesBuildPhase section */

/* Begin PBXSourcesBuildPhase section */
		B5AE8C061CCB3EA60035B161 /* Sources */ = {
			isa = PBXSourcesBuildPhase;
			buildActionMask = 2147483647;
			files = (
				B5AE8C101CCB3EA60035B161 /* MainViewController.swift in Sources */,
				B5AE8C0E1CCB3EA60035B161 /* AppDelegate.swift in Sources */,
				B5894D241CCC1305007D5433 /* ItemViewController.swift in Sources */,
				B5894D261CCC3F3A007D5433 /* ItemEditViewController.swift in Sources */,
				B50205D11CCBF7710029CAE0 /* CameraViewController.swift in Sources */,
				B50205D41CCBF7960029CAE0 /* CameraView.swift in Sources */,
			);
			runOnlyForDeploymentPostprocessing = 0;
		};
/* End PBXSourcesBuildPhase section */

/* Begin PBXVariantGroup section */
		B5AE8C111CCB3EA60035B161 /* Main.storyboard */ = {
			isa = PBXVariantGroup;
			children = (
				B5AE8C121CCB3EA60035B161 /* Base */,
			);
			name = Main.storyboard;
			sourceTree = "<group>";
		};
		B5AE8C161CCB3EA60035B161 /* LaunchScreen.storyboard */ = {
			isa = PBXVariantGroup;
			children = (
				B5AE8C171CCB3EA60035B161 /* Base */,
			);
			name = LaunchScreen.storyboard;
			sourceTree = "<group>";
		};
/* End PBXVariantGroup section */

/* Begin XCBuildConfiguration section */
		B5AE8C301CCB3EA70035B161 /* Debug */ = {
			isa = XCBuildConfiguration;
			buildSettings = {
				ALWAYS_SEARCH_USER_PATHS = NO;
				CLANG_ANALYZER_NONNULL = YES;
				CLANG_CXX_LANGUAGE_STANDARD = "gnu++0x";
				CLANG_CXX_LIBRARY = "libc++";
				CLANG_ENABLE_MODULES = YES;
				CLANG_ENABLE_OBJC_ARC = YES;
				CLANG_WARN_BOOL_CONVERSION = YES;
				CLANG_WARN_CONSTANT_CONVERSION = YES;
				CLANG_WARN_DIRECT_OBJC_ISA_USAGE = YES_ERROR;
				CLANG_WARN_EMPTY_BODY = YES;
				CLANG_WARN_ENUM_CONVERSION = YES;
				CLANG_WARN_INT_CONVERSION = YES;
				CLANG_WARN_OBJC_ROOT_CLASS = YES_ERROR;
				CLANG_WARN_UNREACHABLE_CODE = YES;
				CLANG_WARN__DUPLICATE_METHOD_MATCH = YES;
				"CODE_SIGN_IDENTITY[sdk=iphoneos*]" = "iPhone Developer";
				COPY_PHASE_STRIP = NO;
				DEBUG_INFORMATION_FORMAT = dwarf;
				ENABLE_STRICT_OBJC_MSGSEND = YES;
				ENABLE_TESTABILITY = YES;
				GCC_C_LANGUAGE_STANDARD = gnu99;
				GCC_DYNAMIC_NO_PIC = NO;
				GCC_NO_COMMON_BLOCKS = YES;
				GCC_OPTIMIZATION_LEVEL = 0;
				GCC_PREPROCESSOR_DEFINITIONS = (
					"DEBUG=1",
					"$(inherited)",
				);
				GCC_WARN_64_TO_32_BIT_CONVERSION = YES;
				GCC_WARN_ABOUT_RETURN_TYPE = YES_ERROR;
				GCC_WARN_UNDECLARED_SELECTOR = YES;
				GCC_WARN_UNINITIALIZED_AUTOS = YES_AGGRESSIVE;
				GCC_WARN_UNUSED_FUNCTION = YES;
				GCC_WARN_UNUSED_VARIABLE = YES;
				IPHONEOS_DEPLOYMENT_TARGET = 9.3;
				MTL_ENABLE_DEBUG_INFO = YES;
				ONLY_ACTIVE_ARCH = YES;
				SDKROOT = iphoneos;
				SWIFT_OPTIMIZATION_LEVEL = "-Onone";
			};
			name = Debug;
		};
		B5AE8C311CCB3EA70035B161 /* Release */ = {
			isa = XCBuildConfiguration;
			buildSettings = {
				ALWAYS_SEARCH_USER_PATHS = NO;
				CLANG_ANALYZER_NONNULL = YES;
				CLANG_CXX_LANGUAGE_STANDARD = "gnu++0x";
				CLANG_CXX_LIBRARY = "libc++";
				CLANG_ENABLE_MODULES = YES;
				CLANG_ENABLE_OBJC_ARC = YES;
				CLANG_WARN_BOOL_CONVERSION = YES;
				CLANG_WARN_CONSTANT_CONVERSION = YES;
				CLANG_WARN_DIRECT_OBJC_ISA_USAGE = YES_ERROR;
				CLANG_WARN_EMPTY_BODY = YES;
				CLANG_WARN_ENUM_CONVERSION = YES;
				CLANG_WARN_INT_CONVERSION = YES;
				CLANG_WARN_OBJC_ROOT_CLASS = YES_ERROR;
				CLANG_WARN_UNREACHABLE_CODE = YES;
				CLANG_WARN__DUPLICATE_METHOD_MATCH = YES;
				"CODE_SIGN_IDENTITY[sdk=iphoneos*]" = "iPhone Developer";
				COPY_PHASE_STRIP = NO;
				DEBUG_INFORMATION_FORMAT = "dwarf-with-dsym";
				ENABLE_NS_ASSERTIONS = NO;
				ENABLE_STRICT_OBJC_MSGSEND = YES;
				GCC_C_LANGUAGE_STANDARD = gnu99;
				GCC_NO_COMMON_BLOCKS = YES;
				GCC_WARN_64_TO_32_BIT_CONVERSION = YES;
				GCC_WARN_ABOUT_RETURN_TYPE = YES_ERROR;
				GCC_WARN_UNDECLARED_SELECTOR = YES;
				GCC_WARN_UNINITIALIZED_AUTOS = YES_AGGRESSIVE;
				GCC_WARN_UNUSED_FUNCTION = YES;
				GCC_WARN_UNUSED_VARIABLE = YES;
				IPHONEOS_DEPLOYMENT_TARGET = 9.3;
				MTL_ENABLE_DEBUG_INFO = NO;
				SDKROOT = iphoneos;
				VALIDATE_PRODUCT = YES;
			};
			name = Release;
		};
		B5AE8C331CCB3EA70035B161 /* Debug */ = {
			isa = XCBuildConfiguration;
			buildSettings = {
				ASSETCATALOG_COMPILER_APPICON_NAME = AppIcon;
				CODE_SIGN_IDENTITY = "iPhone Developer";
				DEVELOPMENT_TEAM = 37J588435Y;
				FRAMEWORK_SEARCH_PATHS = (
					"$(inherited)",
					"$(PROJECT_DIR)",
				);
				INFOPLIST_FILE = Fishbids/Info.plist;
				LD_RUNPATH_SEARCH_PATHS = "$(inherited) @executable_path/Frameworks";
				PRODUCT_BUNDLE_IDENTIFIER = com.fishbids.Fishbids;
				PRODUCT_NAME = "$(TARGET_NAME)";
				SWIFT_VERSION = 3.0;
			};
			name = Debug;
		};
		B5AE8C341CCB3EA70035B161 /* Release */ = {
			isa = XCBuildConfiguration;
			buildSettings = {
				ASSETCATALOG_COMPILER_APPICON_NAME = AppIcon;
				CODE_SIGN_IDENTITY = "iPhone Developer";
				DEVELOPMENT_TEAM = 37J588435Y;
				FRAMEWORK_SEARCH_PATHS = (
					"$(inherited)",
					"$(PROJECT_DIR)",
				);
				INFOPLIST_FILE = Fishbids/Info.plist;
				LD_RUNPATH_SEARCH_PATHS = "$(inherited) @executable_path/Frameworks";
				PRODUCT_BUNDLE_IDENTIFIER = com.fishbids.Fishbids;
				PRODUCT_NAME = "$(TARGET_NAME)";
				SWIFT_VERSION = 3.0;
			};
			name = Release;
		};
/* End XCBuildConfiguration section */

/* Begin XCConfigurationList section */
		B5AE8C051CCB3EA60035B161 /* Build configuration list for PBXProject "Fishbids" */ = {
			isa = XCConfigurationList;
			buildConfigurations = (
				B5AE8C301CCB3EA70035B161 /* Debug */,
				B5AE8C311CCB3EA70035B161 /* Release */,
			);
			defaultConfigurationIsVisible = 0;
			defaultConfigurationName = Release;
		};
		B5AE8C321CCB3EA70035B161 /* Build configuration list for PBXNativeTarget "Fishbids" */ = {
			isa = XCConfigurationList;
			buildConfigurations = (
				B5AE8C331CCB3EA70035B161 /* Debug */,
				B5AE8C341CCB3EA70035B161 /* Release */,
			);
			defaultConfigurationIsVisible = 0;
			defaultConfigurationName = Release;
		};
/* End XCConfigurationList section */
	};
	rootObject = B5AE8C021CCB3EA60035B161 /* Project object */;
}
